
Microsoft Visual Studio Solution File, Format Version 12.00
# Visual Studio Version 17
VisualStudioVersion = 17.5.33516.290
MinimumVisualStudioVersion = 10.0.40219.1
Project("{9A19103F-16F7-4668-BE54-9A1E7A4F7556}") = "Kadry", "Kadry\Kadry.csproj", "{5CF519F4-C2E9-4FE8-B545-045EB2A49B14}"
EndProject
Project("{FAE04EC0-301F-11D3-BF4B-00C04F79EFBC}") = "TestListy", "TestListy\TestListy.csproj", "{E26CD0F3-CCA0-4419-9365-08B42C93D75A}"
EndProject
Project("{FAE04EC0-301F-11D3-BF4B-00C04F79EFBC}") = "Drzewo", "Drzewo\Drzewo.csproj", "{F7B10808-21FD-4704-AEF9-D0000B470FD3}"
EndProject
Global
	GlobalSection(SolutionConfigurationPlatforms) = preSolution
		Debug|Any CPU = Debug|Any CPU
		Release|Any CPU = Release|Any CPU
	EndGlobalSection
	GlobalSection(ProjectConfigurationPlatforms) = postSolution
		{5CF519F4-C2E9-4FE8-B545-045EB2A49B14}.Debug|Any CPU.ActiveCfg = Debug|Any CPU
		{5CF519F4-C2E9-4FE8-B545-045EB2A49B14}.Debug|Any CPU.Build.0 = Debug|Any CPU
		{5CF519F4-C2E9-4FE8-B545-045EB2A49B14}.Release|Any CPU.ActiveCfg = Release|Any CPU
		{5CF519F4-C2E9-4FE8-B545-045EB2A49B14}.Release|Any CPU.Build.0 = Release|Any CPU
		{E26CD0F3-CCA0-4419-9365-08B42C93D75A}.Debug|Any CPU.ActiveCfg = Debug|Any CPU
		{E26CD0F3-CCA0-4419-9365-08B42C93D75A}.Debug|Any CPU.Build.0 = Debug|Any CPU
		{E26CD0F3-CCA0-4419-9365-08B42C93D75A}.Release|Any CPU.ActiveCfg = Release|Any CPU
		{E26CD0F3-CCA0-4419-9365-08B42C93D75A}.Release|Any CPU.Build.0 = Release|Any CPU
		{F7B10808-21FD-4704-AEF9-D0000B470FD3}.Debug|Any CPU.ActiveCfg = Debug|Any CPU
		{F7B10808-21FD-4704-AEF9-D0000B470FD3}.Debug|Any CPU.Build.0 = Debug|Any CPU
		{F7B10808-21FD-4704-AEF9-D0000B470FD3}.Release|Any CPU.ActiveCfg = Release|Any CPU
		{F7B10808-21FD-4704-AEF9-D0000B470FD3}.Release|Any CPU.Build.0 = Release|Any CPU
	EndGlobalSection
	GlobalSection(SolutionProperties) = preSolution
		HideSolutionNode = FALSE
	EndGlobalSection
	GlobalSection(ExtensibilityGlobals) = postSolution
		SolutionGuid = {EB84EF2E-004F-4FFA-B27C-5A39E2776053}
	EndGlobalSection
EndGlobal
